
Microsoft Visual Studio Solution File, Format Version 12.00
# Visual Studio 15
VisualStudioVersion = 15.0.27428.2015
MinimumVisualStudioVersion = 10.0.40219.1
Project("{9A19103F-16F7-4668-BE54-9A1E7A4F7556}") = "LoopbackSocket", "LoopbackSocket\LoopbackSocket.csproj", "{CBD1FBB9-2305-48F2-8147-3698159933B0}"
EndProject
Global
	GlobalSection(SolutionConfigurationPlatforms) = preSolution
		Debug|Any CPU = Debug|Any CPU
		Release|Any CPU = Release|Any CPU
	EndGlobalSection
	GlobalSection(ProjectConfigurationPlatforms) = postSolution
		{CBD1FBB9-2305-48F2-8147-3698159933B0}.Debug|Any CPU.ActiveCfg = Debug|Any CPU
		{CBD1FBB9-2305-48F2-8147-3698159933B0}.Debug|Any CPU.Build.0 = Debug|Any CPU
		{CBD1FBB9-2305-48F2-8147-3698159933B0}.Release|Any CPU.ActiveCfg = Release|Any CPU
		{CBD1FBB9-2305-48F2-8147-3698159933B0}.Release|Any CPU.Build.0 = Release|Any CPU
	EndGlobalSection
	GlobalSection(SolutionProperties) = preSolution
		HideSolutionNode = FALSE
	EndGlobalSection
	GlobalSection(ExtensibilityGlobals) = postSolution
		SolutionGuid = {B165D6AE-988D-4A66-BE2A-C886892AEBEF}
	EndGlobalSection
EndGlobal
